github.com/aead/cmac v0.0.0-20160719120800-7af84192f0b1 h1:+JkXLHME8vLJafGhOH4aoV2Iu8bR55nU6iKMVfYVLjY=
github.com/aead/cmac v0.0.0-20160719120800-7af84192f0b1/go.mod h1:nuudZmJhzWtx2212z+pkuy7B6nkBqa+xwNXZHL1j8cg=
github.com/ebfe/brainpool v0.0.0-20130314170211-492e4d960f63 h1:SgffrhTmRVa2og8dfLHmZizJvSZ5Sm28jQUHuD+/x7Y=
github.com/ebfe/brainpool v0.0.0-20130314170211-492e4d960f63/go.mod h1:/t8YeteVG5vsrG4X4wBPLBhru5JdXpHR9EwW0xMb3mE=
